{
  "name": "nasa-fe",
  "version": "1.0.1",
  "lockfileVersion": 2,
  "requires": true,
  "packages": {
    "": {
      "name": "nasa-fe",
      "version": "1.0.1",
      "dependencies": {
        "arwes": "^1.0.0-next.5",
        "react": "^18.2.0",
        "react-dom": "^18.2.0",
        "react-router-dom": "^6.8.1"
      }
    },
    "node_modules/@arwes/animated": {
      "version": "1.0.0-next.5",
      "resolved": "https://registry.npmjs.org/@arwes/animated/-/animated-1.0.0-next.5.tgz",
      "integrity": "sha512-ZNeElQQpFAuhknyVisrH6VaQ6TaMW1UV+F7lNK0NMN+x2RO3kWTnNOE/qvEkdA/e78qP1Ta5JWgKWAx78oK8yA==",
      "dependencies": {
        "tslib": "^2.3.1"
      },
      "funding": {
        "url": "https://github.com/sponsors/romelperez"
      }
    },
    "node_modules/@arwes/animator": {
      "version": "1.0.0-next.5",
      "resolved": "https://registry.npmjs.org/@arwes/animator/-/animator-1.0.0-next.5.tgz",
      "integrity": "sha512-8fOTH8cgPq/hrYdLSQxLpwNbp0RMOIeErYFzBy8bsqzsSO+MCF7rPsgTEnV6jds5hr40KZFIcXcf28waiL3y/Q==",
      "dependencies": {
        "tslib": "^2.3.1"
      },
      "funding": {
        "url": "https://github.com/sponsors/romelperez"
      },
      "peerDependencies": {
        "@arwes/tools": "^1.0.0-next.3"
      }
    },
    "node_modules/@arwes/bgs": {
      "version": "1.0.0-next.5",
      "resolved": "https://registry.npmjs.org/@arwes/bgs/-/bgs-1.0.0-next.5.tgz",
      "integrity": "sha512-RrarmYOrCK4p6cKtQsosbgUSzceTLDiCX9xLCc8s668BTfUAb9pJRVOEu75pncpOCKu+2NydfkmLuMznuAmWBg==",
      "dependencies": {
        "tslib": "^2.3.1"
      },
      "funding": {
        "url": "https://github.com/sponsors/romelperez"
      },
      "peerDependencies": {
        "motion": "10",
        "react": "18"
      }
    },
    "node_modules/@arwes/bleeps": {
      "version": "1.0.0-next.5",
      "resolved": "https://registry.npmjs.org/@arwes/bleeps/-/bleeps-1.0.0-next.5.tgz",
      "integrity": "sha512-/fcqiH5saAD7g5iafDL/1cdu6uN6pDcR7ozYNBboCPhOYhaLYRCNBqEWiN0jmAtDTT5bD1JWYsG591YaKri3jw==",
      "dependencies": {
        "tslib": "^2.3.1"
      },
      "funding": {
        "url": "https://github.com/sponsors/romelperez"
      },
      "peerDependencies": {
        "@arwes/tools": "^1.0.0-next.3"
      }
    },
    "node_modules/@arwes/frames": {
      "version": "1.0.0-next.5",
      "resolved": "https://registry.npmjs.org/@arwes/frames/-/frames-1.0.0-next.5.tgz",
      "integrity": "sha512-fq9isksLadvhHnMWgY5AB+DabUitOWqI4geE2UoG4Mf18uTUhLX0U1L+rtQWHsOBNdqEX4UqLaCaFjKvXnCnlQ==",
      "dependencies": {
        "csstype": "^3.1.1",
        "tslib": "^2.3.1"
      },
      "funding": {
        "url": "https://github.com/sponsors/romelperez"
      }
    },
    "node_modules/@arwes/text": {
      "version": "1.0.0-next.5",
      "resolved": "https://registry.npmjs.org/@arwes/text/-/text-1.0.0-next.5.tgz",
      "integrity": "sha512-b79Zo1nkZO0+lsM0cstXG0SYmd5EMhJKonaxkZP7aamVcWBu+stgRHEzKNB3AZXd/VtKaRe3zwS8M31emdhA7g==",
      "dependencies": {
        "tslib": "^2.3.1"
      },
      "funding": {
        "url": "https://github.com/sponsors/romelperez"
      },
      "peerDependencies": {
        "@arwes/animated": "^1.0.0-next.3",
        "@arwes/tools": "^1.0.0-next.3",
        "motion": "10"
      }
    },
    "node_modules/@arwes/theme": {
      "version": "1.0.0-next.5",
      "resolved": "https://registry.npmjs.org/@arwes/theme/-/theme-1.0.0-next.5.tgz",
      "integrity": "sha512-PDhaOHqCUZKsRr42YppYyHnuhfvnBLNs//I5Ti3dPw1WbUGrP5XQAqLBgCB1Pq0ViLlBuFcZqemtmUuB4/UjxA==",
      "dependencies": {
        "csstype": "^3.0.11",
        "tslib": "^2.3.1"
      },
      "funding": {
        "url": "https://github.com/sponsors/romelperez"
      },
      "peerDependencies": {
        "@arwes/tools": "^1.0.0-next.3"
      }
    },
    "node_modules/@arwes/tools": {
      "version": "1.0.0-next.5",
      "resolved": "https://registry.npmjs.org/@arwes/tools/-/tools-1.0.0-next.5.tgz",
      "integrity": "sha512-0i3Y1igx8bo67hYmpXsOJH8NAeLPuagjMTcXSTaCtVf8oGHY55mPFdc4QE4XS23jUEU0yZHbYfWBlY5wyYjhWQ==",
      "dependencies": {
        "tslib": "^2.3.1"
      },
      "funding": {
        "url": "https://github.com/sponsors/romelperez"
      }
    },
    "node_modules/@motionone/animation": {
      "version": "10.15.1",
      "resolved": "https://registry.npmjs.org/@motionone/animation/-/animation-10.15.1.tgz",
      "integrity": "sha512-mZcJxLjHor+bhcPuIFErMDNyrdb2vJur8lSfMCsuCB4UyV8ILZLvK+t+pg56erv8ud9xQGK/1OGPt10agPrCyQ==",
      "peer": true,
      "dependencies": {
        "@motionone/easing": "^10.15.1",
        "@motionone/types": "^10.15.1",
        "@motionone/utils": "^10.15.1",
        "tslib": "^2.3.1"
      }
    },
    "node_modules/@motionone/dom": {
      "version": "10.15.5",
      "resolved": "https://registry.npmjs.org/@motionone/dom/-/dom-10.15.5.tgz",
      "integrity": "sha512-Xc5avlgyh3xukU9tydh9+8mB8+2zAq+WlLsC3eEIp7Ax7DnXgY7Bj/iv0a4X2R9z9ZFZiaXK3BO0xMYHKbAAdA==",
      "peer": true,
      "dependencies": {
        "@motionone/animation": "^10.15.1",
        "@motionone/generators": "^10.15.1",
        "@motionone/types": "^10.15.1",
        "@motionone/utils": "^10.15.1",
        "hey-listen": "^1.0.8",
        "tslib": "^2.3.1"
      }
    },
    "node_modules/@motionone/easing": {
      "version": "10.15.1",
      "resolved": "https://registry.npmjs.org/@motionone/easing/-/easing-10.15.1.tgz",
      "integrity": "sha512-6hIHBSV+ZVehf9dcKZLT7p5PEKHGhDwky2k8RKkmOvUoYP3S+dXsKupyZpqx5apjd9f+php4vXk4LuS+ADsrWw==",
      "peer": true,
      "dependencies": {
        "@motionone/utils": "^10.15.1",
        "tslib": "^2.3.1"
      }
    },
    "node_modules/@motionone/generators": {
      "version": "10.15.1",
      "resolved": "https://registry.npmjs.org/@motionone/generators/-/generators-10.15.1.tgz",
      "integrity": "sha512-67HLsvHJbw6cIbLA/o+gsm7h+6D4Sn7AUrB/GPxvujse1cGZ38F5H7DzoH7PhX+sjvtDnt2IhFYF2Zp1QTMKWQ==",
      "peer": true,
      "dependencies": {
        "@motionone/types": "^10.15.1",
        "@motionone/utils": "^10.15.1",
        "tslib": "^2.3.1"
      }
    },
    "node_modules/@motionone/svelte": {
      "version": "10.15.5",
      "resolved": "https://registry.npmjs.org/@motionone/svelte/-/svelte-10.15.5.tgz",
      "integrity": "sha512-Xyxtgp7BlVnSBwcoFmXGHUVnpNktzeXsEifu2NJJWc7VGuxutDsBZxNdz80qvpLIC5MeBa1wh7GGegZzTm1msg==",
      "peer": true,
      "dependencies": {
        "@motionone/dom": "^10.15.5",
        "tslib": "^2.3.1"
      }
    },
    "node_modules/@motionone/types": {
      "version": "10.15.1",
      "resolved": "https://registry.npmjs.org/@motionone/types/-/types-10.15.1.tgz",
      "integrity": "sha512-iIUd/EgUsRZGrvW0jqdst8st7zKTzS9EsKkP+6c6n4MPZoQHwiHuVtTQLD6Kp0bsBLhNzKIBlHXponn/SDT4hA==",
      "peer": true
    },
    "node_modules/@motionone/utils": {
      "version": "10.15.1",
      "resolved": "https://registry.npmjs.org/@motionone/utils/-/utils-10.15.1.tgz",
      "integrity": "sha512-p0YncgU+iklvYr/Dq4NobTRdAPv9PveRDUXabPEeOjBLSO/1FNB2phNTZxOxpi1/GZwYpAoECEa0Wam+nsmhSw==",
      "peer": true,
      "dependencies": {
        "@motionone/types": "^10.15.1",
        "hey-listen": "^1.0.8",
        "tslib": "^2.3.1"
      }
    },
    "node_modules/@motionone/vue": {
      "version": "10.15.5",
      "resolved": "https://registry.npmjs.org/@motionone/vue/-/vue-10.15.5.tgz",
      "integrity": "sha512-cUENrLYAolUacHvCgU+8wF9OgSlVutfWbHMLERI/bElCJ+e2YVQvG/CpGhIM5fYOOJzuvg2T2wHmLLmvJoavEw==",
      "peer": true,
      "dependencies": {
        "@motionone/dom": "^10.15.5",
        "tslib": "^2.3.1"
      }
    },
    "node_modules/@remix-run/router": {
      "version": "1.3.2",
      "resolved": "https://registry.npmjs.org/@remix-run/router/-/router-1.3.2.tgz",
      "integrity": "sha512-t54ONhl/h75X94SWsHGQ4G/ZrCEguKSRQr7DrjTciJXW0YU1QhlwYeycvK5JgkzlxmvrK7wq1NB/PLtHxoiDcA==",
      "engines": {
        "node": ">=14"
      }
    },
    "node_modules/arwes": {
      "version": "1.0.0-next.5",
      "resolved": "https://registry.npmjs.org/arwes/-/arwes-1.0.0-next.5.tgz",
      "integrity": "sha512-BNni73BBdroD09x2IBZPVCDn+1Rva6zm+8ScPTTBv+kOQdHhVZ7qYcZNQunM7s1zQTZfZgOyy62oV61ihOQTYg==",
      "dependencies": {
        "@arwes/animated": "^1.0.0-next.5",
        "@arwes/animator": "^1.0.0-next.5",
        "@arwes/bgs": "^1.0.0-next.5",
        "@arwes/bleeps": "^1.0.0-next.5",
        "@arwes/frames": "^1.0.0-next.5",
        "@arwes/text": "^1.0.0-next.5",
        "@arwes/theme": "^1.0.0-next.5",
        "@arwes/tools": "^1.0.0-next.5",
        "tslib": "^2.3.1"
      },
      "funding": {
        "url": "https://github.com/sponsors/romelperez"
      }
    },
    "node_modules/csstype": {
      "version": "3.1.1",
      "resolved": "https://registry.npmjs.org/csstype/-/csstype-3.1.1.tgz",
      "integrity": "sha512-DJR/VvkAvSZW9bTouZue2sSxDwdTN92uHjqeKVm+0dAqdfNykRzQ95tay8aXMBAAPpUiq4Qcug2L7neoRh2Egw=="
    },
    "node_modules/hey-listen": {
      "version": "1.0.8",
      "resolved": "https://registry.npmjs.org/hey-listen/-/hey-listen-1.0.8.tgz",
      "integrity": "sha512-COpmrF2NOg4TBWUJ5UVyaCU2A88wEMkUPK4hNqyCkqHbxT92BbvfjoSozkAIIm6XhicGlJHhFdullInrdhwU8Q==",
      "peer": true
    },
    "node_modules/js-tokens": {
      "version": "4.0.0",
      "resolved": "https://registry.npmjs.org/js-tokens/-/js-tokens-4.0.0.tgz",
      "integrity": "sha512-RdJUflcE3cUzKiMqQgsCu06FPu9UdIJO0beYbPhHN4k6apgJtifcoCtT9bcxOpYBtpD2kCM6Sbzg4CausW/PKQ=="
    },
    "node_modules/loose-envify": {
      "version": "1.4.0",
      "resolved": "https://registry.npmjs.org/loose-envify/-/loose-envify-1.4.0.tgz",
      "integrity": "sha512-lyuxPGr/Wfhrlem2CL/UcnUc1zcqKAImBDzukY7Y5F/yQiNdko6+fRLevlw1HgMySw7f611UIY408EtxRSoK3Q==",
      "dependencies": {
        "js-tokens": "^3.0.0 || ^4.0.0"
      },
      "bin": {
        "loose-envify": "cli.js"
      }
    },
    "node_modules/motion": {
      "version": "10.15.5",
      "resolved": "https://registry.npmjs.org/motion/-/motion-10.15.5.tgz",
      "integrity": "sha512-ejP6KioN4pigTGxL93APzOnvtLklParL59UQB2T3HWXQBxFcIp5/7YXFmkgiA6pNKKzjvnLhnonRBN5iSFMnNw==",
      "peer": true,
      "dependencies": {
        "@motionone/animation": "^10.15.1",
        "@motionone/dom": "^10.15.5",
        "@motionone/svelte": "^10.15.5",
        "@motionone/types": "^10.15.1",
        "@motionone/utils": "^10.15.1",
        "@motionone/vue": "^10.15.5"
      }
    },
    "node_modules/react": {
      "version": "18.2.0",
      "resolved": "https://registry.npmjs.org/react/-/react-18.2.0.tgz",
      "integrity": "sha512-/3IjMdb2L9QbBdWiW5e3P2/npwMBaU9mHCSCUzNln0ZCYbcfTsGbTJrU/kGemdH2IWmB2ioZ+zkxtmq6g09fGQ==",
      "dependencies": {
        "loose-envify": "^1.1.0"
      },
      "engines": {
        "node": ">=0.10.0"
      }
    },
    "node_modules/react-dom": {
      "version": "18.2.0",
      "resolved": "https://registry.npmjs.org/react-dom/-/react-dom-18.2.0.tgz",
      "integrity": "sha512-6IMTriUmvsjHUjNtEDudZfuDQUoWXVxKHhlEGSk81n4YFS+r/Kl99wXiwlVXtPBtJenozv2P+hxDsw9eA7Xo6g==",
      "dependencies": {
        "loose-envify": "^1.1.0",
        "scheduler": "^0.23.0"
      },
      "peerDependencies": {
        "react": "^18.2.0"
      }
    },
    "node_modules/react-router": {
      "version": "6.8.1",
      "resolved": "https://registry.npmjs.org/react-router/-/react-router-6.8.1.tgz",
      "integrity": "sha512-Jgi8BzAJQ8MkPt8ipXnR73rnD7EmZ0HFFb7jdQU24TynGW1Ooqin2KVDN9voSC+7xhqbbCd2cjGUepb6RObnyg==",
      "dependencies": {
        "@remix-run/router": "1.3.2"
      },
      "engines": {
        "node": ">=14"
      },
      "peerDependencies": {
        "react": ">=16.8"
      }
    },
    "node_modules/react-router-dom": {
      "version": "6.8.1",
      "resolved": "https://registry.npmjs.org/react-router-dom/-/react-router-dom-6.8.1.tgz",
      "integrity": "sha512-67EXNfkQgf34P7+PSb6VlBuaacGhkKn3kpE51+P6zYSG2kiRoumXEL6e27zTa9+PGF2MNXbgIUHTVlleLbIcHQ==",
      "dependencies": {
        "@remix-run/router": "1.3.2",
        "react-router": "6.8.1"
      },
      "engines": {
        "node": ">=14"
      },
      "peerDependencies": {
        "react": ">=16.8",
        "react-dom": ">=16.8"
      }
    },
    "node_modules/scheduler": {
      "version": "0.23.0",
      "resolved": "https://registry.npmjs.org/scheduler/-/scheduler-0.23.0.tgz",
      "integrity": "sha512-CtuThmgHNg7zIZWAXi3AsyIzA3n4xx7aNyjwC2VJldO2LMVDhFK+63xGqq6CsJH4rTAt6/M+N4GhZiDYPx9eUw==",
      "dependencies": {
        "loose-envify": "^1.1.0"
      }
    },
    "node_modules/tslib": {
      "version": "2.5.0",
      "resolved": "https://registry.npmjs.org/tslib/-/tslib-2.5.0.tgz",
      "integrity": "sha512-336iVw3rtn2BUK7ORdIAHTyxHGRIHVReokCR3XjbckJMK7ms8FysBfhLR8IXnAgy7T0PTPNBWKiH514FOW/WSg=="
    }
  },
  "dependencies": {
    "@arwes/animated": {
      "version": "1.0.0-next.5",
      "resolved": "https://registry.npmjs.org/@arwes/animated/-/animated-1.0.0-next.5.tgz",
      "integrity": "sha512-ZNeElQQpFAuhknyVisrH6VaQ6TaMW1UV+F7lNK0NMN+x2RO3kWTnNOE/qvEkdA/e78qP1Ta5JWgKWAx78oK8yA==",
      "requires": {
        "tslib": "^2.3.1"
      }
    },
    "@arwes/animator": {
      "version": "1.0.0-next.5",
      "resolved": "https://registry.npmjs.org/@arwes/animator/-/animator-1.0.0-next.5.tgz",
      "integrity": "sha512-8fOTH8cgPq/hrYdLSQxLpwNbp0RMOIeErYFzBy8bsqzsSO+MCF7rPsgTEnV6jds5hr40KZFIcXcf28waiL3y/Q==",
      "requires": {
        "tslib": "^2.3.1"
      }
    },
    "@arwes/bgs": {
      "version": "1.0.0-next.5",
      "resolved": "https://registry.npmjs.org/@arwes/bgs/-/bgs-1.0.0-next.5.tgz",
      "integrity": "sha512-RrarmYOrCK4p6cKtQsosbgUSzceTLDiCX9xLCc8s668BTfUAb9pJRVOEu75pncpOCKu+2NydfkmLuMznuAmWBg==",
      "requires": {
        "tslib": "^2.3.1"
      }
    },
    "@arwes/bleeps": {
      "version": "1.0.0-next.5",
      "resolved": "https://registry.npmjs.org/@arwes/bleeps/-/bleeps-1.0.0-next.5.tgz",
      "integrity": "sha512-/fcqiH5saAD7g5iafDL/1cdu6uN6pDcR7ozYNBboCPhOYhaLYRCNBqEWiN0jmAtDTT5bD1JWYsG591YaKri3jw==",
      "requires": {
        "tslib": "^2.3.1"
      }
    },
    "@arwes/frames": {
      "version": "1.0.0-next.5",
      "resolved": "https://registry.npmjs.org/@arwes/frames/-/frames-1.0.0-next.5.tgz",
      "integrity": "sha512-fq9isksLadvhHnMWgY5AB+DabUitOWqI4geE2UoG4Mf18uTUhLX0U1L+rtQWHsOBNdqEX4UqLaCaFjKvXnCnlQ==",
      "requires": {
        "csstype": "^3.1.1",
        "tslib": "^2.3.1"
      }
    },
    "@arwes/text": {
      "version": "1.0.0-next.5",
      "resolved": "https://registry.npmjs.org/@arwes/text/-/text-1.0.0-next.5.tgz",
      "integrity": "sha512-b79Zo1nkZO0+lsM0cstXG0SYmd5EMhJKonaxkZP7aamVcWBu+stgRHEzKNB3AZXd/VtKaRe3zwS8M31emdhA7g==",
      "requires": {
        "tslib": "^2.3.1"
      }
    },
    "@arwes/theme": {
      "version": "1.0.0-next.5",
      "resolved": "https://registry.npmjs.org/@arwes/theme/-/theme-1.0.0-next.5.tgz",
      "integrity": "sha512-PDhaOHqCUZKsRr42YppYyHnuhfvnBLNs//I5Ti3dPw1WbUGrP5XQAqLBgCB1Pq0ViLlBuFcZqemtmUuB4/UjxA==",
      "requires": {
        "csstype": "^3.0.11",
        "tslib": "^2.3.1"
      }
    },
    "@arwes/tools": {
      "version": "1.0.0-next.5",
      "resolved": "https://registry.npmjs.org/@arwes/tools/-/tools-1.0.0-next.5.tgz",
      "integrity": "sha512-0i3Y1igx8bo67hYmpXsOJH8NAeLPuagjMTcXSTaCtVf8oGHY55mPFdc4QE4XS23jUEU0yZHbYfWBlY5wyYjhWQ==",
      "requires": {
        "tslib": "^2.3.1"
      }
    },
    "@motionone/animation": {
      "version": "10.15.1",
      "resolved": "https://registry.npmjs.org/@motionone/animation/-/animation-10.15.1.tgz",
      "integrity": "sha512-mZcJxLjHor+bhcPuIFErMDNyrdb2vJur8lSfMCsuCB4UyV8ILZLvK+t+pg56erv8ud9xQGK/1OGPt10agPrCyQ==",
      "peer": true,
      "requires": {
        "@motionone/easing": "^10.15.1",
        "@motionone/types": "^10.15.1",
        "@motionone/utils": "^10.15.1",
        "tslib": "^2.3.1"
      }
    },
    "@motionone/dom": {
      "version": "10.15.5",
      "resolved": "https://registry.npmjs.org/@motionone/dom/-/dom-10.15.5.tgz",
      "integrity": "sha512-Xc5avlgyh3xukU9tydh9+8mB8+2zAq+WlLsC3eEIp7Ax7DnXgY7Bj/iv0a4X2R9z9ZFZiaXK3BO0xMYHKbAAdA==",
      "peer": true,
      "requires": {
        "@motionone/animation": "^10.15.1",
        "@motionone/generators": "^10.15.1",
        "@motionone/types": "^10.15.1",
        "@motionone/utils": "^10.15.1",
        "hey-listen": "^1.0.8",
        "tslib": "^2.3.1"
      }
    },
    "@motionone/easing": {
      "version": "10.15.1",
      "resolved": "https://registry.npmjs.org/@motionone/easing/-/easing-10.15.1.tgz",
      "integrity": "sha512-6hIHBSV+ZVehf9dcKZLT7p5PEKHGhDwky2k8RKkmOvUoYP3S+dXsKupyZpqx5apjd9f+php4vXk4LuS+ADsrWw==",
      "peer": true,
      "requires": {
        "@motionone/utils": "^10.15.1",
        "tslib": "^2.3.1"
      }
    },
    "@motionone/generators": {
      "version": "10.15.1",
      "resolved": "https://registry.npmjs.org/@motionone/generators/-/generators-10.15.1.tgz",
      "integrity": "sha512-67HLsvHJbw6cIbLA/o+gsm7h+6D4Sn7AUrB/GPxvujse1cGZ38F5H7DzoH7PhX+sjvtDnt2IhFYF2Zp1QTMKWQ==",
      "peer": true,
      "requires": {
        "@motionone/types": "^10.15.1",
        "@motionone/utils": "^10.15.1",
        "tslib": "^2.3.1"
      }
    },
    "@motionone/svelte": {
      "version": "10.15.5",
      "resolved": "https://registry.npmjs.org/@motionone/svelte/-/svelte-10.15.5.tgz",
      "integrity": "sha512-Xyxtgp7BlVnSBwcoFmXGHUVnpNktzeXsEifu2NJJWc7VGuxutDsBZxNdz80qvpLIC5MeBa1wh7GGegZzTm1msg==",
      "peer": true,
      "requires": {
        "@motionone/dom": "^10.15.5",
        "tslib": "^2.3.1"
      }
    },
    "@motionone/types": {
      "version": "10.15.1",
      "resolved": "https://registry.npmjs.org/@motionone/types/-/types-10.15.1.tgz",
      "integrity": "sha512-iIUd/EgUsRZGrvW0jqdst8st7zKTzS9EsKkP+6c6n4MPZoQHwiHuVtTQLD6Kp0bsBLhNzKIBlHXponn/SDT4hA==",
      "peer": true
    },
    "@motionone/utils": {
      "version": "10.15.1",
      "resolved": "https://registry.npmjs.org/@motionone/utils/-/utils-10.15.1.tgz",
      "integrity": "sha512-p0YncgU+iklvYr/Dq4NobTRdAPv9PveRDUXabPEeOjBLSO/1FNB2phNTZxOxpi1/GZwYpAoECEa0Wam+nsmhSw==",
      "peer": true,
      "requires": {
        "@motionone/types": "^10.15.1",
        "hey-listen": "^1.0.8",
        "tslib": "^2.3.1"
      }
    },
    "@motionone/vue": {
      "version": "10.15.5",
      "resolved": "https://registry.npmjs.org/@motionone/vue/-/vue-10.15.5.tgz",
      "integrity": "sha512-cUENrLYAolUacHvCgU+8wF9OgSlVutfWbHMLERI/bElCJ+e2YVQvG/CpGhIM5fYOOJzuvg2T2wHmLLmvJoavEw==",
      "peer": true,
      "requires": {
        "@motionone/dom": "^10.15.5",
        "tslib": "^2.3.1"
      }
    },
    "@remix-run/router": {
      "version": "1.3.2",
      "resolved": "https://registry.npmjs.org/@remix-run/router/-/router-1.3.2.tgz",
      "integrity": "sha512-t54ONhl/h75X94SWsHGQ4G/ZrCEguKSRQr7DrjTciJXW0YU1QhlwYeycvK5JgkzlxmvrK7wq1NB/PLtHxoiDcA=="
    },
    "arwes": {
      "version": "1.0.0-next.5",
      "resolved": "https://registry.npmjs.org/arwes/-/arwes-1.0.0-next.5.tgz",
      "integrity": "sha512-BNni73BBdroD09x2IBZPVCDn+1Rva6zm+8ScPTTBv+kOQdHhVZ7qYcZNQunM7s1zQTZfZgOyy62oV61ihOQTYg==",
      "requires": {
        "@arwes/animated": "^1.0.0-next.5",
        "@arwes/animator": "^1.0.0-next.5",
        "@arwes/bgs": "^1.0.0-next.5",
        "@arwes/bleeps": "^1.0.0-next.5",
        "@arwes/frames": "^1.0.0-next.5",
        "@arwes/text": "^1.0.0-next.5",
        "@arwes/theme": "^1.0.0-next.5",
        "@arwes/tools": "^1.0.0-next.5",
        "tslib": "^2.3.1"
      }
    },
    "csstype": {
      "version": "3.1.1",
      "resolved": "https://registry.npmjs.org/csstype/-/csstype-3.1.1.tgz",
      "integrity": "sha512-DJR/VvkAvSZW9bTouZue2sSxDwdTN92uHjqeKVm+0dAqdfNykRzQ95tay8aXMBAAPpUiq4Qcug2L7neoRh2Egw=="
    },
    "hey-listen": {
      "version": "1.0.8",
      "resolved": "https://registry.npmjs.org/hey-listen/-/hey-listen-1.0.8.tgz",
      "integrity": "sha512-COpmrF2NOg4TBWUJ5UVyaCU2A88wEMkUPK4hNqyCkqHbxT92BbvfjoSozkAIIm6XhicGlJHhFdullInrdhwU8Q==",
      "peer": true
    },
    "js-tokens": {
      "version": "4.0.0",
      "resolved": "https://registry.npmjs.org/js-tokens/-/js-tokens-4.0.0.tgz",
      "integrity": "sha512-RdJUflcE3cUzKiMqQgsCu06FPu9UdIJO0beYbPhHN4k6apgJtifcoCtT9bcxOpYBtpD2kCM6Sbzg4CausW/PKQ=="
    },
    "loose-envify": {
      "version": "1.4.0",
      "resolved": "https://registry.npmjs.org/loose-envify/-/loose-envify-1.4.0.tgz",
      "integrity": "sha512-lyuxPGr/Wfhrlem2CL/UcnUc1zcqKAImBDzukY7Y5F/yQiNdko6+fRLevlw1HgMySw7f611UIY408EtxRSoK3Q==",
      "requires": {
        "js-tokens": "^3.0.0 || ^4.0.0"
      }
    },
    "motion": {
      "version": "10.15.5",
      "resolved": "https://registry.npmjs.org/motion/-/motion-10.15.5.tgz",
      "integrity": "sha512-ejP6KioN4pigTGxL93APzOnvtLklParL59UQB2T3HWXQBxFcIp5/7YXFmkgiA6pNKKzjvnLhnonRBN5iSFMnNw==",
      "peer": true,
      "requires": {
        "@motionone/animation": "^10.15.1",
        "@motionone/dom": "^10.15.5",
        "@motionone/svelte": "^10.15.5",
        "@motionone/types": "^10.15.1",
        "@motionone/utils": "^10.15.1",
        "@motionone/vue": "^10.15.5"
      }
    },
    "react": {
      "version": "18.2.0",
      "resolved": "https://registry.npmjs.org/react/-/react-18.2.0.tgz",
      "integrity": "sha512-/3IjMdb2L9QbBdWiW5e3P2/npwMBaU9mHCSCUzNln0ZCYbcfTsGbTJrU/kGemdH2IWmB2ioZ+zkxtmq6g09fGQ==",
      "requires": {
        "loose-envify": "^1.1.0"
      }
    },
    "react-dom": {
      "version": "18.2.0",
      "resolved": "https://registry.npmjs.org/react-dom/-/react-dom-18.2.0.tgz",
      "integrity": "sha512-6IMTriUmvsjHUjNtEDudZfuDQUoWXVxKHhlEGSk81n4YFS+r/Kl99wXiwlVXtPBtJenozv2P+hxDsw9eA7Xo6g==",
      "requires": {
        "loose-envify": "^1.1.0",
        "scheduler": "^0.23.0"
      }
    },
    "react-router": {
      "version": "6.8.1",
      "resolved": "https://registry.npmjs.org/react-router/-/react-router-6.8.1.tgz",
      "integrity": "sha512-Jgi8BzAJQ8MkPt8ipXnR73rnD7EmZ0HFFb7jdQU24TynGW1Ooqin2KVDN9voSC+7xhqbbCd2cjGUepb6RObnyg==",
      "requires": {
        "@remix-run/router": "1.3.2"
      }
    },
    "react-router-dom": {
      "version": "6.8.1",
      "resolved": "https://registry.npmjs.org/react-router-dom/-/react-router-dom-6.8.1.tgz",
      "integrity": "sha512-67EXNfkQgf34P7+PSb6VlBuaacGhkKn3kpE51+P6zYSG2kiRoumXEL6e27zTa9+PGF2MNXbgIUHTVlleLbIcHQ==",
      "requires": {
        "@remix-run/router": "1.3.2",
        "react-router": "6.8.1"
      }
    },
    "scheduler": {
      "version": "0.23.0",
      "resolved": "https://registry.npmjs.org/scheduler/-/scheduler-0.23.0.tgz",
      "integrity": "sha512-CtuThmgHNg7zIZWAXi3AsyIzA3n4xx7aNyjwC2VJldO2LMVDhFK+63xGqq6CsJH4rTAt6/M+N4GhZiDYPx9eUw==",
      "requires": {
        "loose-envify": "^1.1.0"
      }
    },
    "tslib": {
      "version": "2.5.0",
      "resolved": "https://registry.npmjs.org/tslib/-/tslib-2.5.0.tgz",
      "integrity": "sha512-336iVw3rtn2BUK7ORdIAHTyxHGRIHVReokCR3XjbckJMK7ms8FysBfhLR8IXnAgy7T0PTPNBWKiH514FOW/WSg=="
    }
  }
}
